version: 1
checksums:
  ccd9883a935d21ec9b3e775ce5a85195:
    greeting: e5c4880fef990edc98e20db92aff718d
    hero_headline: 082622c48ad8a69e0cb35025e03c050c
    hero_in_minutes: 3d41ced70622ed7e7fad09fd542974d3
    hero_subheading: 69c638cb66f2454ec1e0057deb2e3b18
    get_started: 92f619eecf440915227d44c0c1a4619e
    learn_more: 1d49a231c2f3fe8f1fd3997a9e74fdef
    no_cc_required: 2090aa4171dc0b60735069f89b592883
    how_it_works: f0be71e62d493362a83cdcb7a0f6c21c
    how_upload: e954f4ec6ccfdc8e3036a3fc926c5a79
    how_upload_desc: 1ce17ac898549432e71fe6b47d77a397
    how_train: 87640925c0ab08066fb1f790035e7059
    how_train_desc: 54b58ce06e3dabc57e3347b381fc11d8
    how_deploy: f49fbce19d59a3f3aba1e2411a0cdc60
    how_deploy_desc: c2aecf73437b769c8fdecfdea8287e29
    features_headline: 8149f73814b567019ff9b7feeae7030a
    features_desc: d0b2c2ea2952c908d0b80a990e8b6eea
    feature_kb: 76c16a7a41c579f9a229ad97585fdb95
    feature_kb_desc: 84529f64702052d84280e39c932019d1
    feature_ai: d1e94dad4ce48534ea9ef39bb507005a
    feature_ai_desc: 5e3e83cb333ba291df0af7c3f5cdc4a5
    feature_integration: 5ffcfb3c4052016149b40c673ae753a5
    feature_integration_desc: 2765b49d48ad63cd422060722214071f
    feature_analytics: ebf0b003e7580a60aba67426401e695b
    feature_analytics_desc: 822ec9b513c4f7f75f6b0a7e0c688b26
    feature_team: 23ae0bb82ca48e847ca0cd8a7b59d0ef
    feature_team_desc: aa4d53c32d34e5f2b8ce94b41c4e1206
    feature_security: 327aa6ab1261880e719e58e5b2b6833a
    feature_security_desc: 08448ba1c21fcc14f4d383c3b3d242e4
    faq_usecases: 7abf868b598f4b00c0fd00cc5c3b38e1
    faq_usecases_desc: 6bf980bbb8d9565b7de9e5fe5931e31d
    faq_1_title: 7fcff6c5785520d658cf896379e9759d
    faq_1_desc: 7dccef976dea24081af0a8b5ece58a90
    faq_2_title: 6815a35f22bc78aa7fc0b0030301ce02
    faq_2_desc: 50d8bd9e7ad9cb408dcadb54081a0c23
    faq_3_title: c89fea75914c89396b4ae2b6ea338035
    faq_3_desc: c7108d3523e6ba7208b4d73b7bfdd8e4
    usecase_1_title: 50e3c77e22e41061ca85ea2f02625a2e
    usecase_1_desc: 046a2b129ddf497ef7202393f022fea8
    usecase_2_title: ae8b51ad4d1a2763fc6a412d370f7866
    usecase_2_desc: 4bdd29281f5ef31512eace92fc300712
    usecase_3_title: 66bf198a6c956c271eeae3b81ee57673
    usecase_3_desc: 353adb214e8eb9f3e22df36b463fccbb
    pricing_headline: 680c1228bc4b023acee47a10a944b718
    pricing_subheading: f1cbd7a337ff1e0e9b225b83db44cbe7
    plan_free: 1a35349d0a3bf673842103574d7f9b96
    plan_starter: 1561d17a37e3148c501a4a66ec11ec50
    plan_growth: 2f3e6385e01ae3a7393c6a7f4d8b2644
    plan_business: 0819ff343031b2b90021d36aaeb14982
    cta_headline: 4a67655ace46ad59240d1bdafe32a438
    cta_desc: 4822ded5cf726c3c3b0bf2cf5110791f
    start_building_free: 1d36b5196498f72607bf119ce244e0f3
    view_pricing: a61d50b68ea0a6de50e09b4e27fcba70
